
Microsoft Visual Studio Solution File, Format Version 12.00
# Visual Studio Version 16
VisualStudioVersion = 16.0.31019.35
MinimumVisualStudioVersion = 10.0.40219.1
Project("{FAE04EC0-301F-11D3-BF4B-00C04F79EFBC}") = "sppok", "sppok\sppok.csproj", "{08E02F9E-8984-4298-8A74-E2A6CBAE514F}"
EndProject
Global
	GlobalSection(SolutionConfigurationPlatforms) = preSolution
		Debug|Any CPU = Debug|Any CPU
		Release|Any CPU = Release|Any CPU
	EndGlobalSection
	GlobalSection(ProjectConfigurationPlatforms) = postSolution
		{08E02F9E-8984-4298-8A74-E2A6CBAE514F}.Debug|Any CPU.ActiveCfg = Debug|Any CPU
		{08E02F9E-8984-4298-8A74-E2A6CBAE514F}.Debug|Any CPU.Build.0 = Debug|Any CPU
		{08E02F9E-8984-4298-8A74-E2A6CBAE514F}.Release|Any CPU.ActiveCfg = Release|Any CPU
		{08E02F9E-8984-4298-8A74-E2A6CBAE514F}.Release|Any CPU.Build.0 = Release|Any CPU
	EndGlobalSection
	GlobalSection(SolutionProperties) = preSolution
		HideSolutionNode = FALSE
	EndGlobalSection
	GlobalSection(ExtensibilityGlobals) = postSolution
		SolutionGuid = {1B17AEE8-86D1-4969-A703-81CDC7B87CD4}
	EndGlobalSection
EndGlobal
